
Microsoft Visual Studio Solution File, Format Version 12.00
# Visual Studio 15
VisualStudioVersion = 15.0.27703.2035
MinimumVisualStudioVersion = 10.0.40219.1
Project("{FAE04EC0-301F-11D3-BF4B-00C04F79EFBC}") = "HomeSales", "HomeSales\HomeSales.csproj", "{B16A2BD0-0AC5-40CE-9667-C2F3FB770204}"
EndProject
Global
	GlobalSection(SolutionConfigurationPlatforms) = preSolution
		Debug|Any CPU = Debug|Any CPU
		Release|Any CPU = Release|Any CPU
	EndGlobalSection
	GlobalSection(ProjectConfigurationPlatforms) = postSolution
		{B16A2BD0-0AC5-40CE-9667-C2F3FB770204}.Debug|Any CPU.ActiveCfg = Debug|Any CPU
		{B16A2BD0-0AC5-40CE-9667-C2F3FB770204}.Debug|Any CPU.Build.0 = Debug|Any CPU
		{B16A2BD0-0AC5-40CE-9667-C2F3FB770204}.Release|Any CPU.ActiveCfg = Release|Any CPU
		{B16A2BD0-0AC5-40CE-9667-C2F3FB770204}.Release|Any CPU.Build.0 = Release|Any CPU
	EndGlobalSection
	GlobalSection(SolutionProperties) = preSolution
		HideSolutionNode = FALSE
	EndGlobalSection
	GlobalSection(ExtensibilityGlobals) = postSolution
		SolutionGuid = {B8987EC5-6EE7-42A6-A016-9AE9081E927F}
	EndGlobalSection
EndGlobal
